{
  "meteor": {},
  "dependencies": {
    "basePackages": {
      "iron-router": {},
      "subs-manager": {},
      "fast-render": {},
      "roles": {},
      "moment": {},
      "garlic": {},
      "accounts-emails-field": {},
      "scss": {},
      "connection-banner": {},
      "npm": {},
      "collection2": {},
      "runtime-appcache": {},
      "velocityjs": {},
      "fastclick": {},
      "find-faster": {},
      "rssfeed": {},
      "sitemaps": {},
      "headly": {}
    },
    "packages": {
      "iron-router": {
        "git": "https://github.com/EventedMind/iron-router.git",
        "tag": "v0.7.1",
        "commit": "d1ffb3f06ea4c112132b030f2eb1a70b81675ecb"
      },
      "subs-manager": {
        "git": "https://github.com/meteorhacks/subs-manager.git",
        "tag": "v1.0.0",
        "commit": "e01b87ac004ef114f882a73549ba38f64709649e"
      },
      "fast-render": {
        "git": "https://github.com/arunoda/meteor-fast-render.git",
        "tag": "v0.2.8",
        "commit": "149984b1aff3a5642a270aff9bd9006872c8302e"
      },
      "roles": {
        "git": "https://github.com/alanning/meteor-roles.git",
        "tag": "v1.2.9",
        "commit": "969b17fac5dfec66b6b12bfce4e37471d1a241d4"
      },
      "moment": {
        "git": "https://github.com/acreeger/meteor-moment.git",
        "tag": "v2.6.0",
        "commit": "26156df681750fd6e6ed77043eef32b6653ebbdf"
      },
      "garlic": {
        "git": "https://github.com/zhouzhuojie/meteor-garlic.git",
        "tag": "v0.0.2",
        "commit": "12b4deed0f992731d2fd4e01b3caca15f5660218"
      },
      "accounts-emails-field": {
        "git": "https://github.com/splendido/meteor-accounts-emails-field.git",
        "tag": "v1.0.2",
        "commit": "34839c52cb6150d4c1d41f85a20692e142795c25"
      },
      "scss": {
        "git": "https://github.com/fourseven/meteor-scss.git",
        "tag": "v0.9.3",
        "commit": "185f3b2787fb85e653f7b7bf603d1493ed14943d"
      },
      "connection-banner": {
        "git": "https://github.com/nate-strauser/meteor-connection-banner.git",
        "tag": "v0.3.0",
        "commit": "e926e77a36b461b4acb3e2f678998fe9fd7fbb40"
      },
      "npm": {
        "git": "https://github.com/arunoda/meteor-npm.git",
        "tag": "v0.2.6",
        "commit": "177ab6118de5bf8cffb19481343d5762ff7a2aaf"
      },
      "collection2": {
        "git": "https://github.com/aldeed/meteor-collection2.git",
        "tag": "v0.4.1",
        "commit": "a9ffc9b285c3af8ad631f9cda4851b0ffc30c5ce"
      },
      "runtime-appcache": {
        "git": "https://github.com/SpaceCapsule/Meteor-runtime-appcache.git",
        "tag": "v0.0.4",
        "commit": "8cf676dc3fcd6d522ccc330823c9eb5e035c3aa5"
      },
      "velocityjs": {
        "git": "https://github.com/Sewdn/meteor-velocityjs.git",
        "tag": "v0.1.0",
        "commit": "d94afb23a188af9ae16adb70a09426563e4539c7"
      },
      "fastclick": {
        "git": "https://github.com/percolatestudio/meteor-fastclick",
        "tag": "v0.6.7",
        "commit": "fcb3bfd34d9f6874e626b4e24e8f54107938db41"
      },
      "find-faster": {
        "git": "https://github.com/arunoda/meteor-find-faster.git",
        "tag": "v0.1.3",
        "commit": "b821858e34692aa89782a06c32a88b735b2885ab"
      },
      "rssfeed": {
        "git": "https://github.com/raix/Meteor-rssfeed.git",
        "tag": "v0.0.4",
        "commit": "e592cda10c553209491aa08c74096fc4ddefe3d7"
      },
      "sitemaps": {
        "git": "https://github.com/gadicohen/meteor-sitemaps.git",
        "tag": "v0.0.16",
        "commit": "ed4d908c581071d1302b37c6ba77dbce55333dd3"
      },
      "headly": {
        "git": "https://github.com/ayal/headly",
        "tag": "v0.1.1",
        "commit": "f14effc81eab10efb876664bc010a5341ac95358"
      },
      "blaze-layout": {
        "git": "https://github.com/EventedMind/blaze-layout.git",
        "tag": "v0.2.4",
        "commit": "b40e9b0612329288d75cf52ad14a7da64bb8618f"
      },
      "simple-schema": {
        "git": "https://github.com/aldeed/meteor-simple-schema.git",
        "tag": "v0.5.1",
        "commit": "a29956b34d03a4591dbd0eaed9d37009ef48b8db"
      },
      "http-methods": {
        "git": "https://github.com/CollectionFS/Meteor-http-methods.git",
        "branch": "master",
        "commit": "7cc9867639dc5ab1fb2c6b1562dc4d621fa455ac"
      },
      "robots-txt": {
        "git": "https://github.com/gadicohen/meteor-robots.txt.git",
        "tag": "v0.0.8",
        "commit": "dc1be195b8c0cf7d6263235484218911e1bf27d9"
      }
    }
  }
}
