{
  "meteor": {},
  "dependencies": {
    "basePackages": {
      "accounts-emails-field": {},
      "accounts-ui-bootstrap-3": {},
      "bootstrap-alerts": {},
      "bootstrap-flatly": {},
      "collection2": {},
      "connection-banner": {},
      "fast-render": {},
      "fastclick": {},
      "find-faster": {},
      "garlic": {},
      "headly": {},
      "iron-router": {},
      "iron-router-active": {},
      "moment": {},
      "npm": {},
      "persisting-user-status": {},
      "publish-counts": {},
      "rssfeed": {},
      "runtime-appcache": {},
      "scss": {},
      "sitemaps": {},
      "subs-manager": {},
      "accounts-linkedin": {},
      "authorization": {}
    },
    "packages": {
      "accounts-emails-field": {
        "git": "https://github.com/splendido/meteor-accounts-emails-field.git",
        "tag": "v1.0.2",
        "commit": "34839c52cb6150d4c1d41f85a20692e142795c25"
      },
      "accounts-ui-bootstrap-3": {
        "git": "https://github.com/mangasocial/meteor-accounts-ui-bootstrap-3.git",
        "tag": "v0.3.2",
        "commit": "8686c0d3107cf48c72a5500b027f081c7e79dbbc"
      },
      "bootstrap-alerts": {
        "git": "https://github.com/asktomsk/bootstrap-alerts.git",
        "tag": "v0.0.5",
        "commit": "6ddd650208a77677ab86af9dfccc3a69b1ba8d32"
      },
      "bootstrap-flatly": {
        "git": "https://github.com/grokbot/meteor-bootstrap-flatly.git",
        "tag": "v0.0.4",
        "commit": "53dcf5c4aad152e9b88dcc0f8d1dfbb1985200d7"
      },
      "collection2": {
        "git": "https://github.com/aldeed/meteor-collection2.git",
        "tag": "v0.4.2",
        "commit": "4ff4b707bec8be434919730bf101325adb215444"
      },
      "connection-banner": {
        "git": "https://github.com/nate-strauser/meteor-connection-banner.git",
        "tag": "v0.4.0",
        "commit": "2652cd4ee4d863651c4b5298aebcf2c5710d2971"
      },
      "fast-render": {
        "git": "https://github.com/arunoda/meteor-fast-render.git",
        "tag": "v0.2.8",
        "commit": "149984b1aff3a5642a270aff9bd9006872c8302e"
      },
      "fastclick": {
        "git": "https://github.com/percolatestudio/meteor-fastclick",
        "tag": "v0.6.7",
        "commit": "fcb3bfd34d9f6874e626b4e24e8f54107938db41"
      },
      "find-faster": {
        "git": "https://github.com/arunoda/meteor-find-faster.git",
        "tag": "v0.1.3",
        "commit": "b821858e34692aa89782a06c32a88b735b2885ab"
      },
      "garlic": {
        "git": "https://github.com/zhouzhuojie/meteor-garlic.git",
        "tag": "v0.0.2",
        "commit": "12b4deed0f992731d2fd4e01b3caca15f5660218"
      },
      "headly": {
        "git": "https://github.com/ayal/headly",
        "tag": "v0.1.1",
        "commit": "f14effc81eab10efb876664bc010a5341ac95358"
      },
      "iron-router": {
        "git": "https://github.com/EventedMind/iron-router.git",
        "tag": "v0.7.1",
        "commit": "d1ffb3f06ea4c112132b030f2eb1a70b81675ecb"
      },
      "iron-router-active": {
        "git": "https://github.com/XpressiveCode/iron-router-active.git",
        "tag": "v0.2.0",
        "commit": "1b05aad5325c3dfdb5186b9c288aa53013d767b8"
      },
      "moment": {
        "git": "https://github.com/acreeger/meteor-moment.git",
        "tag": "v2.6.0",
        "commit": "26156df681750fd6e6ed77043eef32b6653ebbdf"
      },
      "npm": {
        "git": "https://github.com/arunoda/meteor-npm.git",
        "tag": "v0.2.6",
        "commit": "177ab6118de5bf8cffb19481343d5762ff7a2aaf"
      },
      "persisting-user-status": {
        "git": "https://github.com/yasinuslu/meteor-persisting-user-status.git",
        "tag": "v0.4.0-2",
        "commit": "193e239213dc85a7d4f4bf219ac970eaa25f4fa8"
      },
      "publish-counts": {
        "git": "https://github.com/percolatestudio/publish-counts.git",
        "tag": "v0.2.1",
        "commit": "46ec19e25888c806ad458c3f6ff87fa9c7b6afdc"
      },
      "rssfeed": {
        "git": "https://github.com/raix/Meteor-rssfeed.git",
        "tag": "v0.0.4",
        "commit": "e592cda10c553209491aa08c74096fc4ddefe3d7"
      },
      "runtime-appcache": {
        "git": "https://github.com/SpaceCapsule/Meteor-runtime-appcache.git",
        "tag": "v0.0.4",
        "commit": "8cf676dc3fcd6d522ccc330823c9eb5e035c3aa5"
      },
      "scss": {
        "git": "https://github.com/fourseven/meteor-scss.git",
        "tag": "v0.9.3",
        "commit": "185f3b2787fb85e653f7b7bf603d1493ed14943d"
      },
      "sitemaps": {
        "git": "https://github.com/gadicohen/meteor-sitemaps.git",
        "tag": "v0.0.16",
        "commit": "ed4d908c581071d1302b37c6ba77dbce55333dd3"
      },
      "subs-manager": {
        "git": "https://github.com/meteorhacks/subs-manager.git",
        "tag": "v1.0.1",
        "commit": "38317052d1601002d4dff537e4e0f61d1aa36e6d"
      },
      "accounts-linkedin": {
        "git": "https://github.com/yefim/meteor-accounts-linkedin.git",
        "tag": "v0.0.6",
        "commit": "58ae8fc9da845c2eabcacc5cc6a238af6189d19d"
      },
      "authorization": {
        "git": "https://github.com/deepwell/meteor-authorization.git",
        "tag": "v2.0.4",
        "commit": "a1e222fc2f4caf81906bb1b57dd7f6efa4a0d071"
      },
      "simple-schema": {
        "git": "https://github.com/aldeed/meteor-simple-schema.git",
        "tag": "v0.5.1",
        "commit": "a29956b34d03a4591dbd0eaed9d37009ef48b8db"
      },
      "blaze-layout": {
        "git": "https://github.com/EventedMind/blaze-layout.git",
        "tag": "v0.2.4",
        "commit": "b40e9b0612329288d75cf52ad14a7da64bb8618f"
      },
      "timesync": {
        "git": "https://github.com/mizzao/meteor-timesync.git",
        "tag": "v0.2.0",
        "commit": "55f1daf261996dfbd726253688cfe7a2cc169d9b"
      },
      "http-methods": {
        "git": "https://github.com/CollectionFS/Meteor-http-methods.git",
        "branch": "master",
        "commit": "7cc9867639dc5ab1fb2c6b1562dc4d621fa455ac"
      },
      "robots-txt": {
        "git": "https://github.com/gadicohen/meteor-robots.txt.git",
        "tag": "v0.0.8",
        "commit": "dc1be195b8c0cf7d6263235484218911e1bf27d9"
      },
      "linkedin": {
        "git": "https://github.com/yefim/meteor-linkedin.git",
        "tag": "v0.0.2",
        "commit": "c3bac682ea0edd19e58b9172e708f91616888ba0"
      }
    }
  }
}
